
Microsoft Visual Studio Solution File, Format Version 12.00
# Visual Studio 15
VisualStudioVersion = 15.0.28307.645
MinimumVisualStudioVersion = 10.0.40219.1
Project("{FAE04EC0-301F-11D3-BF4B-00C04F79EFBC}") = "apiContacts", "apiContacts\apiContacts.csproj", "{4F9A5511-5078-4FCC-A951-184C9E8C46D2}"
EndProject
Project("{FAE04EC0-301F-11D3-BF4B-00C04F79EFBC}") = "AppContacts.Android", "AppContacts\AppContacts.Android\AppContacts.Android.csproj", "{E0A4EB38-5F5F-41B3-839B-6F493A98753B}"
EndProject
Project("{FAE04EC0-301F-11D3-BF4B-00C04F79EFBC}") = "AppContacts.iOS", "AppContacts\AppContacts.iOS\AppContacts.iOS.csproj", "{807128BA-DBFA-4283-97D9-F268D1262A59}"
EndProject
Project("{FAE04EC0-301F-11D3-BF4B-00C04F79EFBC}") = "AppContacts", "AppContacts\AppContacts\AppContacts.csproj", "{53697D72-186F-4F64-AD32-16AD78553AC4}"
EndProject
Global
	GlobalSection(SolutionConfigurationPlatforms) = preSolution
		Ad-Hoc|Any CPU = Ad-Hoc|Any CPU
		Ad-Hoc|iPhone = Ad-Hoc|iPhone
		Ad-Hoc|iPhoneSimulator = Ad-Hoc|iPhoneSimulator
		AppStore|Any CPU = AppStore|Any CPU
		AppStore|iPhone = AppStore|iPhone
		AppStore|iPhoneSimulator = AppStore|iPhoneSimulator
		Debug|Any CPU = Debug|Any CPU
		Debug|iPhone = Debug|iPhone
		Debug|iPhoneSimulator = Debug|iPhoneSimulator
		Release|Any CPU = Release|Any CPU
		Release|iPhone = Release|iPhone
		Release|iPhoneSimulator = Release|iPhoneSimulator
	EndGlobalSection
	GlobalSection(ProjectConfigurationPlatforms) = postSolution
		{4F9A5511-5078-4FCC-A951-184C9E8C46D2}.Ad-Hoc|Any CPU.ActiveCfg = Release|Any CPU
		{4F9A5511-5078-4FCC-A951-184C9E8C46D2}.Ad-Hoc|Any CPU.Build.0 = Release|Any CPU
		{4F9A5511-5078-4FCC-A951-184C9E8C46D2}.Ad-Hoc|iPhone.ActiveCfg = Release|Any CPU
		{4F9A5511-5078-4FCC-A951-184C9E8C46D2}.Ad-Hoc|iPhone.Build.0 = Release|Any CPU
		{4F9A5511-5078-4FCC-A951-184C9E8C46D2}.Ad-Hoc|iPhoneSimulator.ActiveCfg = Release|Any CPU
		{4F9A5511-5078-4FCC-A951-184C9E8C46D2}.Ad-Hoc|iPhoneSimulator.Build.0 = Release|Any CPU
		{4F9A5511-5078-4FCC-A951-184C9E8C46D2}.AppStore|Any CPU.ActiveCfg = Release|Any CPU
		{4F9A5511-5078-4FCC-A951-184C9E8C46D2}.AppStore|Any CPU.Build.0 = Release|Any CPU
		{4F9A5511-5078-4FCC-A951-184C9E8C46D2}.AppStore|iPhone.ActiveCfg = Release|Any CPU
		{4F9A5511-5078-4FCC-A951-184C9E8C46D2}.AppStore|iPhone.Build.0 = Release|Any CPU
		{4F9A5511-5078-4FCC-A951-184C9E8C46D2}.AppStore|iPhoneSimulator.ActiveCfg = Release|Any CPU
		{4F9A5511-5078-4FCC-A951-184C9E8C46D2}.AppStore|iPhoneSimulator.Build.0 = Release|Any CPU
		{4F9A5511-5078-4FCC-A951-184C9E8C46D2}.Debug|Any CPU.ActiveCfg = Debug|Any CPU
		{4F9A5511-5078-4FCC-A951-184C9E8C46D2}.Debug|Any CPU.Build.0 = Debug|Any CPU
		{4F9A5511-5078-4FCC-A951-184C9E8C46D2}.Debug|iPhone.ActiveCfg = Debug|Any CPU
		{4F9A5511-5078-4FCC-A951-184C9E8C46D2}.Debug|iPhone.Build.0 = Debug|Any CPU
		{4F9A5511-5078-4FCC-A951-184C9E8C46D2}.Debug|iPhoneSimulator.ActiveCfg = Debug|Any CPU
		{4F9A5511-5078-4FCC-A951-184C9E8C46D2}.Debug|iPhoneSimulator.Build.0 = Debug|Any CPU
		{4F9A5511-5078-4FCC-A951-184C9E8C46D2}.Release|Any CPU.ActiveCfg = Release|Any CPU
		{4F9A5511-5078-4FCC-A951-184C9E8C46D2}.Release|Any CPU.Build.0 = Release|Any CPU
		{4F9A5511-5078-4FCC-A951-184C9E8C46D2}.Release|iPhone.ActiveCfg = Release|Any CPU
		{4F9A5511-5078-4FCC-A951-184C9E8C46D2}.Release|iPhone.Build.0 = Release|Any CPU
		{4F9A5511-5078-4FCC-A951-184C9E8C46D2}.Release|iPhoneSimulator.ActiveCfg = Release|Any CPU
		{4F9A5511-5078-4FCC-A951-184C9E8C46D2}.Release|iPhoneSimulator.Build.0 = Release|Any CPU
		{E0A4EB38-5F5F-41B3-839B-6F493A98753B}.Ad-Hoc|Any CPU.ActiveCfg = Release|Any CPU
		{E0A4EB38-5F5F-41B3-839B-6F493A98753B}.Ad-Hoc|Any CPU.Build.0 = Release|Any CPU
		{E0A4EB38-5F5F-41B3-839B-6F493A98753B}.Ad-Hoc|Any CPU.Deploy.0 = Release|Any CPU
		{E0A4EB38-5F5F-41B3-839B-6F493A98753B}.Ad-Hoc|iPhone.ActiveCfg = Release|Any CPU
		{E0A4EB38-5F5F-41B3-839B-6F493A98753B}.Ad-Hoc|iPhone.Build.0 = Release|Any CPU
		{E0A4EB38-5F5F-41B3-839B-6F493A98753B}.Ad-Hoc|iPhone.Deploy.0 = Release|Any CPU
		{E0A4EB38-5F5F-41B3-839B-6F493A98753B}.Ad-Hoc|iPhoneSimulator.ActiveCfg = Release|Any CPU
		{E0A4EB38-5F5F-41B3-839B-6F493A98753B}.Ad-Hoc|iPhoneSimulator.Build.0 = Release|Any CPU
		{E0A4EB38-5F5F-41B3-839B-6F493A98753B}.Ad-Hoc|iPhoneSimulator.Deploy.0 = Release|Any CPU
		{E0A4EB38-5F5F-41B3-839B-6F493A98753B}.AppStore|Any CPU.ActiveCfg = Release|Any CPU
		{E0A4EB38-5F5F-41B3-839B-6F493A98753B}.AppStore|Any CPU.Build.0 = Release|Any CPU
		{E0A4EB38-5F5F-41B3-839B-6F493A98753B}.AppStore|Any CPU.Deploy.0 = Release|Any CPU
		{E0A4EB38-5F5F-41B3-839B-6F493A98753B}.AppStore|iPhone.ActiveCfg = Release|Any CPU
		{E0A4EB38-5F5F-41B3-839B-6F493A98753B}.AppStore|iPhone.Build.0 = Release|Any CPU
		{E0A4EB38-5F5F-41B3-839B-6F493A98753B}.AppStore|iPhone.Deploy.0 = Release|Any CPU
		{E0A4EB38-5F5F-41B3-839B-6F493A98753B}.AppStore|iPhoneSimulator.ActiveCfg = Release|Any CPU
		{E0A4EB38-5F5F-41B3-839B-6F493A98753B}.AppStore|iPhoneSimulator.Build.0 = Release|Any CPU
		{E0A4EB38-5F5F-41B3-839B-6F493A98753B}.AppStore|iPhoneSimulator.Deploy.0 = Release|Any CPU
		{E0A4EB38-5F5F-41B3-839B-6F493A98753B}.Debug|Any CPU.ActiveCfg = Debug|Any CPU
		{E0A4EB38-5F5F-41B3-839B-6F493A98753B}.Debug|Any CPU.Build.0 = Debug|Any CPU
		{E0A4EB38-5F5F-41B3-839B-6F493A98753B}.Debug|Any CPU.Deploy.0 = Debug|Any CPU
		{E0A4EB38-5F5F-41B3-839B-6F493A98753B}.Debug|iPhone.ActiveCfg = Debug|Any CPU
		{E0A4EB38-5F5F-41B3-839B-6F493A98753B}.Debug|iPhone.Build.0 = Debug|Any CPU
		{E0A4EB38-5F5F-41B3-839B-6F493A98753B}.Debug|iPhone.Deploy.0 = Debug|Any CPU
		{E0A4EB38-5F5F-41B3-839B-6F493A98753B}.Debug|iPhoneSimulator.ActiveCfg = Debug|Any CPU
		{E0A4EB38-5F5F-41B3-839B-6F493A98753B}.Debug|iPhoneSimulator.Build.0 = Debug|Any CPU
		{E0A4EB38-5F5F-41B3-839B-6F493A98753B}.Debug|iPhoneSimulator.Deploy.0 = Debug|Any CPU
		{E0A4EB38-5F5F-41B3-839B-6F493A98753B}.Release|Any CPU.ActiveCfg = Release|Any CPU
		{E0A4EB38-5F5F-41B3-839B-6F493A98753B}.Release|Any CPU.Build.0 = Release|Any CPU
		{E0A4EB38-5F5F-41B3-839B-6F493A98753B}.Release|Any CPU.Deploy.0 = Release|Any CPU
		{E0A4EB38-5F5F-41B3-839B-6F493A98753B}.Release|iPhone.ActiveCfg = Release|Any CPU
		{E0A4EB38-5F5F-41B3-839B-6F493A98753B}.Release|iPhone.Build.0 = Release|Any CPU
		{E0A4EB38-5F5F-41B3-839B-6F493A98753B}.Release|iPhone.Deploy.0 = Release|Any CPU
		{E0A4EB38-5F5F-41B3-839B-6F493A98753B}.Release|iPhoneSimulator.ActiveCfg = Release|Any CPU
		{E0A4EB38-5F5F-41B3-839B-6F493A98753B}.Release|iPhoneSimulator.Build.0 = Release|Any CPU
		{E0A4EB38-5F5F-41B3-839B-6F493A98753B}.Release|iPhoneSimulator.Deploy.0 = Release|Any CPU
		{807128BA-DBFA-4283-97D9-F268D1262A59}.Ad-Hoc|Any CPU.ActiveCfg = Ad-Hoc|iPhone
		{807128BA-DBFA-4283-97D9-F268D1262A59}.Ad-Hoc|iPhone.ActiveCfg = Ad-Hoc|iPhone
		{807128BA-DBFA-4283-97D9-F268D1262A59}.Ad-Hoc|iPhone.Build.0 = Ad-Hoc|iPhone
		{807128BA-DBFA-4283-97D9-F268D1262A59}.Ad-Hoc|iPhoneSimulator.ActiveCfg = Ad-Hoc|iPhoneSimulator
		{807128BA-DBFA-4283-97D9-F268D1262A59}.Ad-Hoc|iPhoneSimulator.Build.0 = Ad-Hoc|iPhoneSimulator
		{807128BA-DBFA-4283-97D9-F268D1262A59}.AppStore|Any CPU.ActiveCfg = AppStore|iPhone
		{807128BA-DBFA-4283-97D9-F268D1262A59}.AppStore|iPhone.ActiveCfg = AppStore|iPhone
		{807128BA-DBFA-4283-97D9-F268D1262A59}.AppStore|iPhone.Build.0 = AppStore|iPhone
		{807128BA-DBFA-4283-97D9-F268D1262A59}.AppStore|iPhoneSimulator.ActiveCfg = AppStore|iPhoneSimulator
		{807128BA-DBFA-4283-97D9-F268D1262A59}.AppStore|iPhoneSimulator.Build.0 = AppStore|iPhoneSimulator
		{807128BA-DBFA-4283-97D9-F268D1262A59}.Debug|Any CPU.ActiveCfg = Debug|iPhone
		{807128BA-DBFA-4283-97D9-F268D1262A59}.Debug|iPhone.ActiveCfg = Debug|iPhone
		{807128BA-DBFA-4283-97D9-F268D1262A59}.Debug|iPhone.Build.0 = Debug|iPhone
		{807128BA-DBFA-4283-97D9-F268D1262A59}.Debug|iPhoneSimulator.ActiveCfg = Debug|iPhoneSimulator
		{807128BA-DBFA-4283-97D9-F268D1262A59}.Debug|iPhoneSimulator.Build.0 = Debug|iPhoneSimulator
		{807128BA-DBFA-4283-97D9-F268D1262A59}.Release|Any CPU.ActiveCfg = Release|iPhone
		{807128BA-DBFA-4283-97D9-F268D1262A59}.Release|iPhone.ActiveCfg = Release|iPhone
		{807128BA-DBFA-4283-97D9-F268D1262A59}.Release|iPhone.Build.0 = Release|iPhone
		{807128BA-DBFA-4283-97D9-F268D1262A59}.Release|iPhoneSimulator.ActiveCfg = Release|iPhoneSimulator
		{807128BA-DBFA-4283-97D9-F268D1262A59}.Release|iPhoneSimulator.Build.0 = Release|iPhoneSimulator
		{53697D72-186F-4F64-AD32-16AD78553AC4}.Ad-Hoc|Any CPU.ActiveCfg = Debug|Any CPU
		{53697D72-186F-4F64-AD32-16AD78553AC4}.Ad-Hoc|Any CPU.Build.0 = Debug|Any CPU
		{53697D72-186F-4F64-AD32-16AD78553AC4}.Ad-Hoc|iPhone.ActiveCfg = Debug|Any CPU
		{53697D72-186F-4F64-AD32-16AD78553AC4}.Ad-Hoc|iPhone.Build.0 = Debug|Any CPU
		{53697D72-186F-4F64-AD32-16AD78553AC4}.Ad-Hoc|iPhoneSimulator.ActiveCfg = Debug|Any CPU
		{53697D72-186F-4F64-AD32-16AD78553AC4}.Ad-Hoc|iPhoneSimulator.Build.0 = Debug|Any CPU
		{53697D72-186F-4F64-AD32-16AD78553AC4}.AppStore|Any CPU.ActiveCfg = Debug|Any CPU
		{53697D72-186F-4F64-AD32-16AD78553AC4}.AppStore|Any CPU.Build.0 = Debug|Any CPU
		{53697D72-186F-4F64-AD32-16AD78553AC4}.AppStore|iPhone.ActiveCfg = Debug|Any CPU
		{53697D72-186F-4F64-AD32-16AD78553AC4}.AppStore|iPhone.Build.0 = Debug|Any CPU
		{53697D72-186F-4F64-AD32-16AD78553AC4}.AppStore|iPhoneSimulator.ActiveCfg = Debug|Any CPU
		{53697D72-186F-4F64-AD32-16AD78553AC4}.AppStore|iPhoneSimulator.Build.0 = Debug|Any CPU
		{53697D72-186F-4F64-AD32-16AD78553AC4}.Debug|Any CPU.ActiveCfg = Debug|Any CPU
		{53697D72-186F-4F64-AD32-16AD78553AC4}.Debug|Any CPU.Build.0 = Debug|Any CPU
		{53697D72-186F-4F64-AD32-16AD78553AC4}.Debug|iPhone.ActiveCfg = Debug|Any CPU
		{53697D72-186F-4F64-AD32-16AD78553AC4}.Debug|iPhone.Build.0 = Debug|Any CPU
		{53697D72-186F-4F64-AD32-16AD78553AC4}.Debug|iPhoneSimulator.ActiveCfg = Debug|Any CPU
		{53697D72-186F-4F64-AD32-16AD78553AC4}.Debug|iPhoneSimulator.Build.0 = Debug|Any CPU
		{53697D72-186F-4F64-AD32-16AD78553AC4}.Release|Any CPU.ActiveCfg = Release|Any CPU
		{53697D72-186F-4F64-AD32-16AD78553AC4}.Release|Any CPU.Build.0 = Release|Any CPU
		{53697D72-186F-4F64-AD32-16AD78553AC4}.Release|iPhone.ActiveCfg = Release|Any CPU
		{53697D72-186F-4F64-AD32-16AD78553AC4}.Release|iPhone.Build.0 = Release|Any CPU
		{53697D72-186F-4F64-AD32-16AD78553AC4}.Release|iPhoneSimulator.ActiveCfg = Release|Any CPU
		{53697D72-186F-4F64-AD32-16AD78553AC4}.Release|iPhoneSimulator.Build.0 = Release|Any CPU
	EndGlobalSection
	GlobalSection(SolutionProperties) = preSolution
		HideSolutionNode = FALSE
	EndGlobalSection
	GlobalSection(ExtensibilityGlobals) = postSolution
		SolutionGuid = {683AAAEF-3EF0-4D27-B5C0-EB7119F14B46}
	EndGlobalSection
EndGlobal
